{
  "version": "5",
  "specifiers": {
    "jsr:@gabriel/ts-pattern@^5.9.0": "5.9.0",
    "jsr:@std/cli@^1.0.28": "1.0.28",
    "jsr:@std/fmt@^1.0.9": "1.0.9",
    "jsr:@std/internal@^1.0.12": "1.0.12",
    "jsr:@zod/zod@^4.3.6": "4.3.6"
  },
  "jsr": {
    "@gabriel/ts-pattern@5.9.0": {
      "integrity": "20a6bd65dc4d00c046013fc562f767b38d59ba467d62053e1a87e9a978f4a36c"
    },
    "@std/cli@1.0.28": {
      "integrity": "74ef9b976db59ca6b23a5283469c9072be6276853807a83ec6c7ce412135c70a",
      "dependencies": [
        "jsr:@std/fmt",
        "jsr:@std/internal"
      ]
    },
    "@std/fmt@1.0.9": {
      "integrity": "2487343e8899fb2be5d0e3d35013e54477ada198854e52dd05ed0422eddcabe0"
    },
    "@std/internal@1.0.12": {
      "integrity": "972a634fd5bc34b242024402972cd5143eac68d8dffaca5eaa4dba30ce17b027"
    },
    "@zod/zod@4.3.6": {
      "integrity": "7144e5e11f8ffc3cf6e2fca624f6597a8762898aac9868cc8938e9398b96ffe4"
    }
  },
  "workspace": {
    "dependencies": [
      "jsr:@gabriel/ts-pattern@^5.9.0",
      "jsr:@std/cli@^1.0.28",
      "jsr:@zod/zod@^4.3.6"
    ]
  }
}
