# This file is automatically @generated by Poetry 2.4.1 and should not be changed by hand.

[[package]]
name = "astroid"
version = "4.0.4"
description = "An abstract syntax tree for Python with inference support."
optional = false
python-versions = ">=3.10.0"
groups = ["dev"]
files = [
    {file = "astroid-4.0.4-py3-none-any.whl", hash = "sha256:52f39653876c7dec3e3afd4c2696920e05c83832b9737afc21928f2d2eb7a753"},
    {file = "astroid-4.0.4.tar.gz", hash = "sha256:986fed8bcf79fb82c78b18a53352a0b287a73817d6dbcfba3162da36667c49a0"},
]

[[package]]
name = "autopep8"
version = "2.3.2"
description = "A tool that automatically formats Python code to conform to the PEP 8 style guide"
optional = false
python-versions = ">=3.9"
groups = ["dev"]
files = [
    {file = "autopep8-2.3.2-py2.py3-none-any.whl", hash = "sha256:ce8ad498672c845a0c3de2629c15b635ec2b05ef8177a6e7c91c74f3e9b51128"},
    {file = "autopep8-2.3.2.tar.gz", hash = "sha256:89440a4f969197b69a995e4ce0661b031f455a9f776d2c5ba3dbd83466931758"},
]

[package.dependencies]
pycodestyle = ">=2.12.0"

[[package]]
name = "colorama"
version = "0.4.6"
description = "Cross-platform colored terminal text."
optional = false
python-versions = "!=3.0.*,!=3.1.*,!=3.2.*,!=3.3.*,!=3.4.*,!=3.5.*,!=3.6.*,>=2.7"
groups = ["dev"]
markers = "sys_platform == \"win32\""
files = [
    {file = "colorama-0.4.6-py2.py3-none-any.whl", hash = "sha256:4f1d9991f5acc0ca119f9d443620b77f9d6b33703e51011c16baf57afb285fc6"},
    {file = "colorama-0.4.6.tar.gz", hash = "sha256:08695f5cb7ed6e0531a20572697297273c47b8cae5a63ffc6d6ed5c201be6e44"},
]

[[package]]
name = "dill"
version = "0.4.1"
description = "serialize all of Python"
optional = false
python-versions = ">=3.9"
groups = ["dev"]
files = [
    {file = "dill-0.4.1-py3-none-any.whl", hash = "sha256:1e1ce33e978ae97fcfcff5638477032b801c46c7c65cf717f95fbc2248f79a9d"},
    {file = "dill-0.4.1.tar.gz", hash = "sha256:423092df4182177d4d8ba8290c8a5b640c66ab35ec7da59ccfa00f6fa3eea5fa"},
]

[package.extras]
graph = ["objgraph (>=1.7.2)"]
profile = ["gprof2dot (>=2022.7.29)"]

[[package]]
name = "isort"
version = "8.0.1"
description = "A Python utility / library to sort Python imports."
optional = false
python-versions = ">=3.10.0"
groups = ["dev"]
files = [
    {file = "isort-8.0.1-py3-none-any.whl", hash = "sha256:28b89bc70f751b559aeca209e6120393d43fbe2490de0559662be7a9787e3d75"},
    {file = "isort-8.0.1.tar.gz", hash = "sha256:171ac4ff559cdc060bcfff550bc8404a486fee0caab245679c2abe7cb253c78d"},
]

[package.extras]
colors = ["colorama"]

[[package]]
name = "mccabe"
version = "0.7.0"
description = "McCabe checker, plugin for flake8"
optional = false
python-versions = ">=3.6"
groups = ["dev"]
files = [
    {file = "mccabe-0.7.0-py2.py3-none-any.whl", hash = "sha256:6c2d30ab6be0e4a46919781807b4f0d834ebdd6c6e3dca0bda5a15f863427b6e"},
    {file = "mccabe-0.7.0.tar.gz", hash = "sha256:348e0240c33b60bbdf4e523192ef919f28cb2c3d7d5c7794f74009290f236325"},
]

[[package]]
name = "platformdirs"
version = "4.10.0"
description = "A small Python package for determining appropriate platform-specific dirs, e.g. a `user data dir`."
optional = false
python-versions = ">=3.10"
groups = ["dev"]
files = [
    {file = "platformdirs-4.10.0-py3-none-any.whl", hash = "sha256:fb516cdb12eb0d857d0cd85a7c57cea4d060bee4578d6cf5a14dfdf8cbf8784a"},
    {file = "platformdirs-4.10.0.tar.gz", hash = "sha256:31e761a6a0ca04faf7353ea759bdba55652be214725111e5aac52dfa29d4bef7"},
]

[[package]]
name = "pycodestyle"
version = "2.14.0"
description = "Python style guide checker"
optional = false
python-versions = ">=3.9"
groups = ["dev"]
files = [
    {file = "pycodestyle-2.14.0-py2.py3-none-any.whl", hash = "sha256:dd6bf7cb4ee77f8e016f9c8e74a35ddd9f67e1d5fd4184d86c3b98e07099f42d"},
    {file = "pycodestyle-2.14.0.tar.gz", hash = "sha256:c4b5b517d278089ff9d0abdec919cd97262a3367449ea1c8b49b91529167b783"},
]

[[package]]
name = "pylint"
version = "4.0.6"
description = "python code static checker"
optional = false
python-versions = ">=3.10.0"
groups = ["dev"]
files = [
    {file = "pylint-4.0.6-py3-none-any.whl", hash = "sha256:d11a0e1fdb7b1cd46ec5d6fc78fee8b95f28695b2d6140e5809925f61e32ea54"},
    {file = "pylint-4.0.6.tar.gz", hash = "sha256:52f19191bee08bf103f9705ad1a0ece4aa5a0a4ef2bdcbd969375a1e6f6579d5"},
]

[package.dependencies]
astroid = ">=4.0.2,<=4.1.dev0"
colorama = {version = ">=0.4.5", markers = "sys_platform == \"win32\""}
dill = {version = ">=0.3.7", markers = "python_version >= \"3.12\""}
isort = ">=5,<5.13 || >5.13,<9"
mccabe = ">=0.6,<0.8"
platformdirs = ">=2.2"
tomlkit = ">=0.10.1"

[package.extras]
spelling = ["pyenchant (>=3.2,<4.0)"]
testutils = ["gitpython (>3)"]

[[package]]
name = "tomlkit"
version = "0.15.0"
description = "Style preserving TOML library"
optional = false
python-versions = ">=3.9"
groups = ["dev"]
files = [
    {file = "tomlkit-0.15.0-py3-none-any.whl", hash = "sha256:4dbc8f0fc024412b57ced8757ac7461305126a648ff8c2c807fcb8e133a78738"},
    {file = "tomlkit-0.15.0.tar.gz", hash = "sha256:7d1a9ecba3086638211b13814ea79c90dd54dd11993564376f3aa92271f5c7a3"},
]

[metadata]
lock-version = "2.1"
python-versions = ">=3.14"
content-hash = "3c8d465c7a1f0841b00a2715faa32f037525115a6d7c6c37ab5cf3fe267d4fd4"
